
Microsoft Visual Studio Solution File, Format Version 12.00
# Visual Studio 15
VisualStudioVersion = 15.0.27703.2042
MinimumVisualStudioVersion = 10.0.40219.1
Project("{8BC9CEB8-8B4A-11D0-8D11-00A0C91BC942}") = "ConsoleApplication1", "ConsoleApplication1\ConsoleApplication1.vcxproj", "{51BC1DC3-FCB4-4730-AABF-3BCC5AD7D66B}"
EndProject
Global
	GlobalSection(SolutionConfigurationPlatforms) = preSolution
		Debug|x64 = Debug|x64
		Debug|x86 = Debug|x86
		Release|x64 = Release|x64
		Release|x86 = Release|x86
	EndGlobalSection
	GlobalSection(ProjectConfigurationPlatforms) = postSolution
		{51BC1DC3-FCB4-4730-AABF-3BCC5AD7D66B}.Debug|x64.ActiveCfg = Debug|x64
		{51BC1DC3-FCB4-4730-AABF-3BCC5AD7D66B}.Debug|x64.Build.0 = Debug|x64
		{51BC1DC3-FCB4-4730-AABF-3BCC5AD7D66B}.Debug|x86.ActiveCfg = Debug|Win32
		{51BC1DC3-FCB4-4730-AABF-3BCC5AD7D66B}.Debug|x86.Build.0 = Debug|Win32
		{51BC1DC3-FCB4-4730-AABF-3BCC5AD7D66B}.Release|x64.ActiveCfg = Release|x64
		{51BC1DC3-FCB4-4730-AABF-3BCC5AD7D66B}.Release|x64.Build.0 = Release|x64
		{51BC1DC3-FCB4-4730-AABF-3BCC5AD7D66B}.Release|x86.ActiveCfg = Release|Win32
		{51BC1DC3-FCB4-4730-AABF-3BCC5AD7D66B}.Release|x86.Build.0 = Release|Win32
	EndGlobalSection
	GlobalSection(SolutionProperties) = preSolution
		HideSolutionNode = FALSE
	EndGlobalSection
	GlobalSection(ExtensibilityGlobals) = postSolution
		SolutionGuid = {0B2AA4AA-D06E-43A9-BB46-AC56078F2D38}
	EndGlobalSection
EndGlobal
